
Microsoft Visual Studio Solution File, Format Version 12.00
# Visual Studio Version 17
VisualStudioVersion = 17.4.33122.133
MinimumVisualStudioVersion = 10.0.40219.1
Project("{FAE04EC0-301F-11D3-BF4B-00C04F79EFBC}") = "fruitInUni", "fruitInUni\fruitInUni.csproj", "{7513DE9D-66AC-49A2-BA21-5BEF23A4C0E8}"
EndProject
Global
	GlobalSection(SolutionConfigurationPlatforms) = preSolution
		Debug|Any CPU = Debug|Any CPU
		Release|Any CPU = Release|Any CPU
	EndGlobalSection
	GlobalSection(ProjectConfigurationPlatforms) = postSolution
		{7513DE9D-66AC-49A2-BA21-5BEF23A4C0E8}.Debug|Any CPU.ActiveCfg = Debug|Any CPU
		{7513DE9D-66AC-49A2-BA21-5BEF23A4C0E8}.Debug|Any CPU.Build.0 = Debug|Any CPU
		{7513DE9D-66AC-49A2-BA21-5BEF23A4C0E8}.Release|Any CPU.ActiveCfg = Release|Any CPU
		{7513DE9D-66AC-49A2-BA21-5BEF23A4C0E8}.Release|Any CPU.Build.0 = Release|Any CPU
	EndGlobalSection
	GlobalSection(SolutionProperties) = preSolution
		HideSolutionNode = FALSE
	EndGlobalSection
	GlobalSection(ExtensibilityGlobals) = postSolution
		SolutionGuid = {28C569ED-3BAF-4574-98AD-FA6A85C9F57D}
	EndGlobalSection
EndGlobal
